
Microsoft Visual Studio Solution File, Format Version 12.00
# Visual Studio Version 16
VisualStudioVersion = 16.0.31613.86
MinimumVisualStudioVersion = 10.0.40219.1
Project("{FAE04EC0-301F-11D3-BF4B-00C04F79EFBC}") = "Api", "Api\Api.csproj", "{2FC81159-083F-436A-A468-D4DCEF435B36}"
EndProject
Global
	GlobalSection(SolutionConfigurationPlatforms) = preSolution
		Debug|Any CPU = Debug|Any CPU
		Release|Any CPU = Release|Any CPU
	EndGlobalSection
	GlobalSection(ProjectConfigurationPlatforms) = postSolution
		{2FC81159-083F-436A-A468-D4DCEF435B36}.Debug|Any CPU.ActiveCfg = Debug|Any CPU
		{2FC81159-083F-436A-A468-D4DCEF435B36}.Debug|Any CPU.Build.0 = Debug|Any CPU
		{2FC81159-083F-436A-A468-D4DCEF435B36}.Release|Any CPU.ActiveCfg = Release|Any CPU
		{2FC81159-083F-436A-A468-D4DCEF435B36}.Release|Any CPU.Build.0 = Release|Any CPU
	EndGlobalSection
	GlobalSection(SolutionProperties) = preSolution
		HideSolutionNode = FALSE
	EndGlobalSection
	GlobalSection(ExtensibilityGlobals) = postSolution
		SolutionGuid = {2985AC3B-F85D-4BFB-89A4-D680B5003C53}
	EndGlobalSection
EndGlobal
